
Microsoft Visual Studio Solution File, Format Version 12.00
# Visual Studio Version 17
VisualStudioVersion = 17.12.35707.178 d17.12
MinimumVisualStudioVersion = 10.0.40219.1
Project("{FAE04EC0-301F-11D3-BF4B-00C04F79EFBC}") = "COMP003A.CodingAssignment3", "COMP003A.CodingAssignment3\COMP003A.CodingAssignment3.csproj", "{7CC97128-E696-4C30-BA8A-FD996AF8AFAE}"
EndProject
Global
	GlobalSection(SolutionConfigurationPlatforms) = preSolution
		Debug|Any CPU = Debug|Any CPU
		Release|Any CPU = Release|Any CPU
	EndGlobalSection
	GlobalSection(ProjectConfigurationPlatforms) = postSolution
		{7CC97128-E696-4C30-BA8A-FD996AF8AFAE}.Debug|Any CPU.ActiveCfg = Debug|Any CPU
		{7CC97128-E696-4C30-BA8A-FD996AF8AFAE}.Debug|Any CPU.Build.0 = Debug|Any CPU
		{7CC97128-E696-4C30-BA8A-FD996AF8AFAE}.Release|Any CPU.ActiveCfg = Release|Any CPU
		{7CC97128-E696-4C30-BA8A-FD996AF8AFAE}.Release|Any CPU.Build.0 = Release|Any CPU
	EndGlobalSection
	GlobalSection(SolutionProperties) = preSolution
		HideSolutionNode = FALSE
	EndGlobalSection
EndGlobal
